
Microsoft Visual Studio Solution File, Format Version 12.00
# Visual Studio Version 17
VisualStudioVersion = 17.6.33723.286
MinimumVisualStudioVersion = 10.0.40219.1
Project("{FAE04EC0-301F-11D3-BF4B-00C04F79EFBC}") = "ShopOnline.API", "ShopOnline.API\ShopOnline.API.csproj", "{B9636EC3-9E13-4EA8-A2D7-A3EFBC1E9EB7}"
EndProject
Project("{FAE04EC0-301F-11D3-BF4B-00C04F79EFBC}") = "ShopOnline.Web", "ShopOnline.Web\ShopOnline.Web.csproj", "{3D700389-D806-46A1-8441-455CFCCED2D7}"
EndProject
Project("{FAE04EC0-301F-11D3-BF4B-00C04F79EFBC}") = "ShopOnline.Models", "ShopOnline.Models\ShopOnline.Models.csproj", "{C6DE94EA-73AD-4EDA-A8E7-507745119ABD}"
EndProject
Global
	GlobalSection(SolutionConfigurationPlatforms) = preSolution
		Debug|Any CPU = Debug|Any CPU
		Release|Any CPU = Release|Any CPU
	EndGlobalSection
	GlobalSection(ProjectConfigurationPlatforms) = postSolution
		{B9636EC3-9E13-4EA8-A2D7-A3EFBC1E9EB7}.Debug|Any CPU.ActiveCfg = Debug|Any CPU
		{B9636EC3-9E13-4EA8-A2D7-A3EFBC1E9EB7}.Debug|Any CPU.Build.0 = Debug|Any CPU
		{B9636EC3-9E13-4EA8-A2D7-A3EFBC1E9EB7}.Release|Any CPU.ActiveCfg = Release|Any CPU
		{B9636EC3-9E13-4EA8-A2D7-A3EFBC1E9EB7}.Release|Any CPU.Build.0 = Release|Any CPU
		{3D700389-D806-46A1-8441-455CFCCED2D7}.Debug|Any CPU.ActiveCfg = Debug|Any CPU
		{3D700389-D806-46A1-8441-455CFCCED2D7}.Debug|Any CPU.Build.0 = Debug|Any CPU
		{3D700389-D806-46A1-8441-455CFCCED2D7}.Release|Any CPU.ActiveCfg = Release|Any CPU
		{3D700389-D806-46A1-8441-455CFCCED2D7}.Release|Any CPU.Build.0 = Release|Any CPU
		{C6DE94EA-73AD-4EDA-A8E7-507745119ABD}.Debug|Any CPU.ActiveCfg = Debug|Any CPU
		{C6DE94EA-73AD-4EDA-A8E7-507745119ABD}.Debug|Any CPU.Build.0 = Debug|Any CPU
		{C6DE94EA-73AD-4EDA-A8E7-507745119ABD}.Release|Any CPU.ActiveCfg = Release|Any CPU
		{C6DE94EA-73AD-4EDA-A8E7-507745119ABD}.Release|Any CPU.Build.0 = Release|Any CPU
	EndGlobalSection
	GlobalSection(SolutionProperties) = preSolution
		HideSolutionNode = FALSE
	EndGlobalSection
	GlobalSection(ExtensibilityGlobals) = postSolution
		SolutionGuid = {10646671-2104-4394-AC7F-F0383795B856}
	EndGlobalSection
EndGlobal
